// !$*UTF8*$!
{
	archiveVersion = 1;
	classes = {
	};
	objectVersion = 55;
	objects = {

/* Begin PBXBuildFile section */
		733DC9952780CC0A0049B4C4 /* AppDelegate.swift in Sources */ = {isa = PBXBuildFile; fileRef = 733DC9942780CC0A0049B4C4 /* AppDelegate.swift */; };
		733DC9972780CC0A0049B4C4 /* SceneDelegate.swift in Sources */ = {isa = PBXBuildFile; fileRef = 733DC9962780CC0A0049B4C4 /* SceneDelegate.swift */; };
		733DC9992780CC0A0049B4C4 /* ViewController.swift in Sources */ = {isa = PBXBuildFile; fileRef = 733DC9982780CC0A0049B4C4 /* ViewController.swift */; };
		733DC99C2780CC0A0049B4C4 /* Main.storyboard in Resources */ = {isa = PBXBuildFile; fileRef = 733DC99A2780CC0A0049B4C4 /* Main.storyboard */; };
		733DC99E2780CC160049B4C4 /* Assets.xcassets in Resources */ = {isa = PBXBuildFile; fileRef = 733DC99D2780CC160049B4C4 /* Assets.xcassets */; };
		733DC9A12780CC160049B4C4 /* LaunchScreen.storyboard in Resources */ = {isa = PBXBuildFile; fileRef = 733DC99F2780CC160049B4C4 /* LaunchScreen.storyboard */; };
		733DC9AC2780CC160049B4C4 /* Face_Segmentation_CoreMLTests.swift in Sources */ = {isa = PBXBuildFile; fileRef = 733DC9AB2780CC160049B4C4 /* Face_Segmentation_CoreMLTests.swift */; };
		733DC9B62780CC160049B4C4 /* Face_Segmentation_CoreMLUITests.swift in Sources */ = {isa = PBXBuildFile; fileRef = 733DC9B52780CC160049B4C4 /* Face_Segmentation_CoreMLUITests.swift */; };
		733DC9B82780CC160049B4C4 /* Face_Segmentation_CoreMLUITestsLaunchTests.swift in Sources */ = {isa = PBXBuildFile; fileRef = 733DC9B72780CC160049B4C4 /* Face_Segmentation_CoreMLUITestsLaunchTests.swift */; };
/* End PBXBuildFile section */

/* Begin PBXContainerItemProxy section */
		733DC9A82780CC160049B4C4 /* PBXContainerItemProxy */ = {
			isa = PBXContainerItemProxy;
			containerPortal = 733DC9892780CC0A0049B4C4 /* Project object */;
			proxyType = 1;
			remoteGlobalIDString = 733DC9902780CC0A0049B4C4;
			remoteInfo = "Face-Segmentation-CoreML";
		};
		733DC9B22780CC160049B4C4 /* PBXContainerItemProxy */ = {
			isa = PBXContainerItemProxy;
			containerPortal = 733DC9892780CC0A0049B4C4 /* Project object */;
			proxyType = 1;
			remoteGlobalIDString = 733DC9902780CC0A0049B4C4;
			remoteInfo = "Face-Segmentation-CoreML";
		};
/* End PBXContainerItemProxy section */

/* Begin PBXFileReference section */
		733DC9912780CC0A0049B4C4 /* Face-Segmentation-CoreML.app */ = {isa = PBXFileReference; explicitFileType = wrapper.application; includeInIndex = 0; path = "Face-Segmentation-CoreML.app"; sourceTree = BUILT_PRODUCTS_DIR; };
		733DC9942780CC0A0049B4C4 /* AppDelegate.swift */ = {isa = PBXFileReference; lastKnownFileType = sourcecode.swift; path = AppDelegate.swift; sourceTree = "<group>"; };
		733DC9962780CC0A0049B4C4 /* SceneDelegate.swift */ = {isa = PBXFileReference; lastKnownFileType = sourcecode.swift; path = SceneDelegate.swift; sourceTree = "<group>"; };
		733DC9982780CC0A0049B4C4 /* ViewController.swift */ = {isa = PBXFileReference; lastKnownFileType = sourcecode.swift; path = ViewController.swift; sourceTree = "<group>"; };
		733DC99B2780CC0A0049B4C4 /* Base */ = {isa = PBXFileReference; lastKnownFileType = file.storyboard; name = Base; path = Base.lproj/Main.storyboard; sourceTree = "<group>"; };
		733DC99D2780CC160049B4C4 /* Assets.xcassets */ = {isa = PBXFileReference; lastKnownFileType = folder.assetcatalog; path = Assets.xcassets; sourceTree = "<group>"; };
		733DC9A02780CC160049B4C4 /* Base */ = {isa = PBXFileReference; lastKnownFileType = file.storyboard; name = Base; path = Base.lproj/LaunchScreen.storyboard; sourceTree = "<group>"; };
		733DC9A22780CC160049B4C4 /* Info.plist */ = {isa = PBXFileReference; lastKnownFileType = text.plist.xml; path = Info.plist; sourceTree = "<group>"; };
		733DC9A72780CC160049B4C4 /* Face-Segmentation-CoreMLTests.xctest */ = {isa = PBXFileReference; explicitFileType = wrapper.cfbundle; includeInIndex = 0; path = "Face-Segmentation-CoreMLTests.xctest"; sourceTree = BUILT_PRODUCTS_DIR; };
		733DC9AB2780CC160049B4C4 /* Face_Segmentation_CoreMLTests.swift */ = {isa = PBXFileReference; lastKnownFileType = sourcecode.swift; path = Face_Segmentation_CoreMLTests.swift; sourceTree = "<group>"; };
		733DC9B12780CC160049B4C4 /* Face-Segmentation-CoreMLUITests.xctest */ = {isa = PBXFileReference; explicitFileType = wrapper.cfbundle; includeInIndex = 0; path = "Face-Segmentation-CoreMLUITests.xctest"; sourceTree = BUILT_PRODUCTS_DIR; };
		733DC9B52780CC160049B4C4 /* Face_Segmentation_CoreMLUITests.swift */ = {isa = PBXFileReference; lastKnownFileType = sourcecode.swift; path = Face_Segmentation_CoreMLUITests.swift; sourceTree = "<group>"; };
		733DC9B72780CC160049B4C4 /* Face_Segmentation_CoreMLUITestsLaunchTests.swift */ = {isa = PBXFileReference; lastKnownFileType = sourcecode.swift; path = Face_Segmentation_CoreMLUITestsLaunchTests.swift; sourceTree = "<group>"; };
/* End PBXFileReference section */

/* Begin PBXFrameworksBuildPhase section */
		733DC98E2780CC0A0049B4C4 /* Frameworks */ = {
			isa = PBXFrameworksBuildPhase;
			buildActionMask = 2147483647;
			files = (
			);
			runOnlyForDeploymentPostprocessing = 0;
		};
		733DC9A42780CC160049B4C4 /* Frameworks */ = {
			isa = PBXFrameworksBuildPhase;
			buildActionMask = 2147483647;
			files = (
			);
			runOnlyForDeploymentPostprocessing = 0;
		};
		733DC9AE2780CC160049B4C4 /* Frameworks */ = {
			isa = PBXFrameworksBuildPhase;
			buildActionMask = 2147483647;
			files = (
			);
			runOnlyForDeploymentPostprocessing = 0;
		};
/* End PBXFrameworksBuildPhase section */

/* Begin PBXGroup section */
		733DC9882780CC0A0049B4C4 = {
			isa = PBXGroup;
			children = (
				733DC9932780CC0A0049B4C4 /* Face-Segmentation-CoreML */,
				733DC9AA2780CC160049B4C4 /* Face-Segmentation-CoreMLTests */,
				733DC9B42780CC160049B4C4 /* Face-Segmentation-CoreMLUITests */,
				733DC9922780CC0A0049B4C4 /* Products */,
			);
			sourceTree = "<group>";
		};
		733DC9922780CC0A0049B4C4 /* Products */ = {
			isa = PBXGroup;
			children = (
				733DC9912780CC0A0049B4C4 /* Face-Segmentation-CoreML.app */,
				733DC9A72780CC160049B4C4 /* Face-Segmentation-CoreMLTests.xctest */,
				733DC9B12780CC160049B4C4 /* Face-Segmentation-CoreMLUITests.xctest */,
			);
			name = Products;
			sourceTree = "<group>";
		};
		733DC9932780CC0A0049B4C4 /* Face-Segmentation-CoreML */ = {
			isa = PBXGroup;
			children = (
				733DC9942780CC0A0049B4C4 /* AppDelegate.swift */,
				733DC9962780CC0A0049B4C4 /* SceneDelegate.swift */,
				733DC9982780CC0A0049B4C4 /* ViewController.swift */,
				733DC99A2780CC0A0049B4C4 /* Main.storyboard */,
				733DC99D2780CC160049B4C4 /* Assets.xcassets */,
				733DC99F2780CC160049B4C4 /* LaunchScreen.storyboard */,
				733DC9A22780CC160049B4C4 /* Info.plist */,
			);
			path = "Face-Segmentation-CoreML";
			sourceTree = "<group>";
		};
		733DC9AA2780CC160049B4C4 /* Face-Segmentation-CoreMLTests */ = {
			isa = PBXGroup;
			children = (
				733DC9AB2780CC160049B4C4 /* Face_Segmentation_CoreMLTests.swift */,
			);
			path = "Face-Segmentation-CoreMLTests";
			sourceTree = "<group>";
		};
		733DC9B42780CC160049B4C4 /* Face-Segmentation-CoreMLUITests */ = {
			isa = PBXGroup;
			children = (
				733DC9B52780CC160049B4C4 /* Face_Segmentation_CoreMLUITests.swift */,
				733DC9B72780CC160049B4C4 /* Face_Segmentation_CoreMLUITestsLaunchTests.swift */,
			);
			path = "Face-Segmentation-CoreMLUITests";
			sourceTree = "<group>";
		};
/* End PBXGroup section */

/* Begin PBXNativeTarget section */
		733DC9902780CC0A0049B4C4 /* Face-Segmentation-CoreML */ = {
			isa = PBXNativeTarget;
			buildConfigurationList = 733DC9BB2780CC160049B4C4 /* Build configuration list for PBXNativeTarget "Face-Segmentation-CoreML" */;
			buildPhases = (
				733DC98D2780CC0A0049B4C4 /* Sources */,
				733DC98E2780CC0A0049B4C4 /* Frameworks */,
				733DC98F2780CC0A0049B4C4 /* Resources */,
			);
			buildRules = (
			);
			dependencies = (
			);
			name = "Face-Segmentation-CoreML";
			productName = "Face-Segmentation-CoreML";
			productReference = 733DC9912780CC0A0049B4C4 /* Face-Segmentation-CoreML.app */;
			productType = "com.apple.product-type.application";
		};
		733DC9A62780CC160049B4C4 /* Face-Segmentation-CoreMLTests */ = {
			isa = PBXNativeTarget;
			buildConfigurationList = 733DC9BE2780CC160049B4C4 /* Build configuration list for PBXNativeTarget "Face-Segmentation-CoreMLTests" */;
			buildPhases = (
				733DC9A32780CC160049B4C4 /* Sources */,
				733DC9A42780CC160049B4C4 /* Frameworks */,
				733DC9A52780CC160049B4C4 /* Resources */,
			);
			buildRules = (
			);
			dependencies = (
				733DC9A92780CC160049B4C4 /* PBXTargetDependency */,
			);
			name = "Face-Segmentation-CoreMLTests";
			productName = "Face-Segmentation-CoreMLTests";
			productReference = 733DC9A72780CC160049B4C4 /* Face-Segmentation-CoreMLTests.xctest */;
			productType = "com.apple.product-type.bundle.unit-test";
		};
		733DC9B02780CC160049B4C4 /* Face-Segmentation-CoreMLUITests */ = {
			isa = PBXNativeTarget;
			buildConfigurationList = 733DC9C12780CC160049B4C4 /* Build configuration list for PBXNativeTarget "Face-Segmentation-CoreMLUITests" */;
			buildPhases = (
				733DC9AD2780CC160049B4C4 /* Sources */,
				733DC9AE2780CC160049B4C4 /* Frameworks */,
				733DC9AF2780CC160049B4C4 /* Resources */,
			);
			buildRules = (
			);
			dependencies = (
				733DC9B32780CC160049B4C4 /* PBXTargetDependency */,
			);
			name = "Face-Segmentation-CoreMLUITests";
			productName = "Face-Segmentation-CoreMLUITests";
			productReference = 733DC9B12780CC160049B4C4 /* Face-Segmentation-CoreMLUITests.xctest */;
			productType = "com.apple.product-type.bundle.ui-testing";
		};
/* End PBXNativeTarget section */

/* Begin PBXProject section */
		733DC9892780CC0A0049B4C4 /* Project object */ = {
			isa = PBXProject;
			attributes = {
				BuildIndependentTargetsInParallel = 1;
				LastSwiftUpdateCheck = 1320;
				LastUpgradeCheck = 1320;
				TargetAttributes = {
					733DC9902780CC0A0049B4C4 = {
						CreatedOnToolsVersion = 13.2.1;
					};
					733DC9A62780CC160049B4C4 = {
						CreatedOnToolsVersion = 13.2.1;
						TestTargetID = 733DC9902780CC0A0049B4C4;
					};
					733DC9B02780CC160049B4C4 = {
						CreatedOnToolsVersion = 13.2.1;
						TestTargetID = 733DC9902780CC0A0049B4C4;
					};
				};
			};
			buildConfigurationList = 733DC98C2780CC0A0049B4C4 /* Build configuration list for PBXProject "Face-Segmentation-CoreML" */;
			compatibilityVersion = "Xcode 13.0";
			developmentRegion = en;
			hasScannedForEncodings = 0;
			knownRegions = (
				en,
				Base,
			);
			mainGroup = 733DC9882780CC0A0049B4C4;
			productRefGroup = 733DC9922780CC0A0049B4C4 /* Products */;
			projectDirPath = "";
			projectRoot = "";
			targets = (
				733DC9902780CC0A0049B4C4 /* Face-Segmentation-CoreML */,
				733DC9A62780CC160049B4C4 /* Face-Segmentation-CoreMLTests */,
				733DC9B02780CC160049B4C4 /* Face-Segmentation-CoreMLUITests */,
			);
		};
/* End PBXProject section */

/* Begin PBXResourcesBuildPhase section */
		733DC98F2780CC0A0049B4C4 /* Resources */ = {
			isa = PBXResourcesBuildPhase;
			buildActionMask = 2147483647;
			files = (
				733DC9A12780CC160049B4C4 /* LaunchScreen.storyboard in Resources */,
				733DC99E2780CC160049B4C4 /* Assets.xcassets in Resources */,
				733DC99C2780CC0A0049B4C4 /* Main.storyboard in Resources */,
			);
			runOnlyForDeploymentPostprocessing = 0;
		};
		733DC9A52780CC160049B4C4 /* Resources */ = {
			isa = PBXResourcesBuildPhase;
			buildActionMask = 2147483647;
			files = (
			);
			runOnlyForDeploymentPostprocessing = 0;
		};
		733DC9AF2780CC160049B4C4 /* Resources */ = {
			isa = PBXResourcesBuildPhase;
			buildActionMask = 2147483647;
			files = (
			);
			runOnlyForDeploymentPostprocessing = 0;
		};
/* End PBXResourcesBuildPhase section */

/* Begin PBXSourcesBuildPhase section */
		733DC98D2780CC0A0049B4C4 /* Sources */ = {
			isa = PBXSourcesBuildPhase;
			buildActionMask = 2147483647;
			files = (
				733DC9992780CC0A0049B4C4 /* ViewController.swift in Sources */,
				733DC9952780CC0A0049B4C4 /* AppDelegate.swift in Sources */,
				733DC9972780CC0A0049B4C4 /* SceneDelegate.swift in Sources */,
			);
			runOnlyForDeploymentPostprocessing = 0;
		};
		733DC9A32780CC160049B4C4 /* Sources */ = {
			isa = PBXSourcesBuildPhase;
			buildActionMask = 2147483647;
			files = (
				733DC9AC2780CC160049B4C4 /* Face_Segmentation_CoreMLTests.swift in Sources */,
			);
			runOnlyForDeploymentPostprocessing = 0;
		};
		733DC9AD2780CC160049B4C4 /* Sources */ = {
			isa = PBXSourcesBuildPhase;
			buildActionMask = 2147483647;
			files = (
				733DC9B62780CC160049B4C4 /* Face_Segmentation_CoreMLUITests.swift in Sources */,
				733DC9B82780CC160049B4C4 /* Face_Segmentation_CoreMLUITestsLaunchTests.swift in Sources */,
			);
			runOnlyForDeploymentPostprocessing = 0;
		};
/* End PBXSourcesBuildPhase section */

/* Begin PBXTargetDependency section */
		733DC9A92780CC160049B4C4 /* PBXTargetDependency */ = {
			isa = PBXTargetDependency;
			target = 733DC9902780CC0A0049B4C4 /* Face-Segmentation-CoreML */;
			targetProxy = 733DC9A82780CC160049B4C4 /* PBXContainerItemProxy */;
		};
		733DC9B32780CC160049B4C4 /* PBXTargetDependency */ = {
			isa = PBXTargetDependency;
			target = 733DC9902780CC0A0049B4C4 /* Face-Segmentation-CoreML */;
			targetProxy = 733DC9B22780CC160049B4C4 /* PBXContainerItemProxy */;
		};
/* End PBXTargetDependency section */

/* Begin PBXVariantGroup section */
		733DC99A2780CC0A0049B4C4 /* Main.storyboard */ = {
			isa = PBXVariantGroup;
			children = (
				733DC99B2780CC0A0049B4C4 /* Base */,
			);
			name = Main.storyboard;
			sourceTree = "<group>";
		};
		733DC99F2780CC160049B4C4 /* LaunchScreen.storyboard */ = {
			isa = PBXVariantGroup;
			children = (
				733DC9A02780CC160049B4C4 /* Base */,
			);
			name = LaunchScreen.storyboard;
			sourceTree = "<group>";
		};
/* End PBXVariantGroup section */

/* Begin XCBuildConfiguration section */
		733DC9B92780CC160049B4C4 /* Debug */ = {
			isa = XCBuildConfiguration;
			buildSettings = {
				ALWAYS_SEARCH_USER_PATHS = NO;
				CLANG_ANALYZER_NONNULL = YES;
				CLANG_ANALYZER_NUMBER_OBJECT_CONVERSION = YES_AGGRESSIVE;
				CLANG_CXX_LANGUAGE_STANDARD = "gnu++17";
				CLANG_CXX_LIBRARY = "libc++";
				CLANG_ENABLE_MODULES = YES;
				CLANG_ENABLE_OBJC_ARC = YES;
				CLANG_ENABLE_OBJC_WEAK = YES;
				CLANG_WARN_BLOCK_CAPTURE_AUTORELEASING = YES;
				CLANG_WARN_BOOL_CONVERSION = YES;
				CLANG_WARN_COMMA = YES;
				CLANG_WARN_CONSTANT_CONVERSION = YES;
				CLANG_WARN_DEPRECATED_OBJC_IMPLEMENTATIONS = YES;
				CLANG_WARN_DIRECT_OBJC_ISA_USAGE = YES_ERROR;
				CLANG_WARN_DOCUMENTATION_COMMENTS = YES;
				CLANG_WARN_EMPTY_BODY = YES;
				CLANG_WARN_ENUM_CONVERSION = YES;
				CLANG_WARN_INFINITE_RECURSION = YES;
				CLANG_WARN_INT_CONVERSION = YES;
				CLANG_WARN_NON_LITERAL_NULL_CONVERSION = YES;
				CLANG_WARN_OBJC_IMPLICIT_RETAIN_SELF = YES;
				CLANG_WARN_OBJC_LITERAL_CONVERSION = YES;
				CLANG_WARN_OBJC_ROOT_CLASS = YES_ERROR;
				CLANG_WARN_QUOTED_INCLUDE_IN_FRAMEWORK_HEADER = YES;
				CLANG_WARN_RANGE_LOOP_ANALYSIS = YES;
				CLANG_WARN_STRICT_PROTOTYPES = YES;
				CLANG_WARN_SUSPICIOUS_MOVE = YES;
				CLANG_WARN_UNGUARDED_AVAILABILITY = YES_AGGRESSIVE;
				CLANG_WARN_UNREACHABLE_CODE = YES;
				CLANG_WARN__DUPLICATE_METHOD_MATCH = YES;
				COPY_PHASE_STRIP = NO;
				DEBUG_INFORMATION_FORMAT = dwarf;
				ENABLE_STRICT_OBJC_MSGSEND = YES;
				ENABLE_TESTABILITY = YES;
				GCC_C_LANGUAGE_STANDARD = gnu11;
				GCC_DYNAMIC_NO_PIC = NO;
				GCC_NO_COMMON_BLOCKS = YES;
				GCC_OPTIMIZATION_LEVEL = 0;
				GCC_PREPROCESSOR_DEFINITIONS = (
					"DEBUG=1",
					"$(inherited)",
				);
				GCC_WARN_64_TO_32_BIT_CONVERSION = YES;
				GCC_WARN_ABOUT_RETURN_TYPE = YES_ERROR;
				GCC_WARN_UNDECLARED_SELECTOR = YES;
				GCC_WARN_UNINITIALIZED_AUTOS = YES_AGGRESSIVE;
				GCC_WARN_UNUSED_FUNCTION = YES;
				GCC_WARN_UNUSED_VARIABLE = YES;
				IPHONEOS_DEPLOYMENT_TARGET = 15.2;
				MTL_ENABLE_DEBUG_INFO = INCLUDE_SOURCE;
				MTL_FAST_MATH = YES;
				ONLY_ACTIVE_ARCH = YES;
				SDKROOT = iphoneos;
				SWIFT_ACTIVE_COMPILATION_CONDITIONS = DEBUG;
				SWIFT_OPTIMIZATION_LEVEL = "-Onone";
			};
			name = Debug;
		};
		733DC9BA2780CC160049B4C4 /* Release */ = {
			isa = XCBuildConfiguration;
			buildSettings = {
				ALWAYS_SEARCH_USER_PATHS = NO;
				CLANG_ANALYZER_NONNULL = YES;
				CLANG_ANALYZER_NUMBER_OBJECT_CONVERSION = YES_AGGRESSIVE;
				CLANG_CXX_LANGUAGE_STANDARD = "gnu++17";
				CLANG_CXX_LIBRARY = "libc++";
				CLANG_ENABLE_MODULES = YES;
				CLANG_ENABLE_OBJC_ARC = YES;
				CLANG_ENABLE_OBJC_WEAK = YES;
				CLANG_WARN_BLOCK_CAPTURE_AUTORELEASING = YES;
				CLANG_WARN_BOOL_CONVERSION = YES;
				CLANG_WARN_COMMA = YES;
				CLANG_WARN_CONSTANT_CONVERSION = YES;
				CLANG_WARN_DEPRECATED_OBJC_IMPLEMENTATIONS = YES;
				CLANG_WARN_DIRECT_OBJC_ISA_USAGE = YES_ERROR;
				CLANG_WARN_DOCUMENTATION_COMMENTS = YES;
				CLANG_WARN_EMPTY_BODY = YES;
				CLANG_WARN_ENUM_CONVERSION = YES;
				CLANG_WARN_INFINITE_RECURSION = YES;
				CLANG_WARN_INT_CONVERSION = YES;
				CLANG_WARN_NON_LITERAL_NULL_CONVERSION = YES;
				CLANG_WARN_OBJC_IMPLICIT_RETAIN_SELF = YES;
				CLANG_WARN_OBJC_LITERAL_CONVERSION = YES;
				CLANG_WARN_OBJC_ROOT_CLASS = YES_ERROR;
				CLANG_WARN_QUOTED_INCLUDE_IN_FRAMEWORK_HEADER = YES;
				CLANG_WARN_RANGE_LOOP_ANALYSIS = YES;
				CLANG_WARN_STRICT_PROTOTYPES = YES;
				CLANG_WARN_SUSPICIOUS_MOVE = YES;
				CLANG_WARN_UNGUARDED_AVAILABILITY = YES_AGGRESSIVE;
				CLANG_WARN_UNREACHABLE_CODE = YES;
				CLANG_WARN__DUPLICATE_METHOD_MATCH = YES;
				COPY_PHASE_STRIP = NO;
				DEBUG_INFORMATION_FORMAT = "dwarf-with-dsym";
				ENABLE_NS_ASSERTIONS = NO;
				ENABLE_STRICT_OBJC_MSGSEND = YES;
				GCC_C_LANGUAGE_STANDARD = gnu11;
				GCC_NO_COMMON_BLOCKS = YES;
				GCC_WARN_64_TO_32_BIT_CONVERSION = YES;
				GCC_WARN_ABOUT_RETURN_TYPE = YES_ERROR;
				GCC_WARN_UNDECLARED_SELECTOR = YES;
				GCC_WARN_UNINITIALIZED_AUTOS = YES_AGGRESSIVE;
				GCC_WARN_UNUSED_FUNCTION = YES;
				GCC_WARN_UNUSED_VARIABLE = YES;
				IPHONEOS_DEPLOYMENT_TARGET = 15.2;
				MTL_ENABLE_DEBUG_INFO = NO;
				MTL_FAST_MATH = YES;
				SDKROOT = iphoneos;
				SWIFT_COMPILATION_MODE = wholemodule;
				SWIFT_OPTIMIZATION_LEVEL = "-O";
				VALIDATE_PRODUCT = YES;
			};
			name = Release;
		};
		733DC9BC2780CC160049B4C4 /* Debug */ = {
			isa = XCBuildConfiguration;
			buildSettings = {
				ASSETCATALOG_COMPILER_APPICON_NAME = AppIcon;
				ASSETCATALOG_COMPILER_GLOBAL_ACCENT_COLOR_NAME = AccentColor;
				CODE_SIGN_STYLE = Automatic;
				CURRENT_PROJECT_VERSION = 1;
				DEVELOPMENT_TEAM = MFN25KNUGJ;
				GENERATE_INFOPLIST_FILE = YES;
				INFOPLIST_FILE = "Face-Segmentation-CoreML/Info.plist";
				INFOPLIST_KEY_UIApplicationSupportsIndirectInputEvents = YES;
				INFOPLIST_KEY_UILaunchStoryboardName = LaunchScreen;
				INFOPLIST_KEY_UIMainStoryboardFile = Main;
				INFOPLIST_KEY_UISupportedInterfaceOrientations_iPad = "UIInterfaceOrientationPortrait UIInterfaceOrientationPortraitUpsideDown UIInterfaceOrientationLandscapeLeft UIInterfaceOrientationLandscapeRight";
				INFOPLIST_KEY_UISupportedInterfaceOrientations_iPhone = "UIInterfaceOrientationPortrait UIInterfaceOrientationLandscapeLeft UIInterfaceOrientationLandscapeRight";
				LD_RUNPATH_SEARCH_PATHS = (
					"$(inherited)",
					"@executable_path/Frameworks",
				);
				MARKETING_VERSION = 1.0;
				PRODUCT_BUNDLE_IDENTIFIER = "com.daisukemajima.Face-Segmentation-CoreML";
				PRODUCT_NAME = "$(TARGET_NAME)";
				SWIFT_EMIT_LOC_STRINGS = YES;
				SWIFT_VERSION = 5.0;
				TARGETED_DEVICE_FAMILY = "1,2";
			};
			name = Debug;
		};
		733DC9BD2780CC160049B4C4 /* Release */ = {
			isa = XCBuildConfiguration;
			buildSettings = {
				ASSETCATALOG_COMPILER_APPICON_NAME = AppIcon;
				ASSETCATALOG_COMPILER_GLOBAL_ACCENT_COLOR_NAME = AccentColor;
				CODE_SIGN_STYLE = Automatic;
				CURRENT_PROJECT_VERSION = 1;
				DEVELOPMENT_TEAM = MFN25KNUGJ;
				GENERATE_INFOPLIST_FILE = YES;
				INFOPLIST_FILE = "Face-Segmentation-CoreML/Info.plist";
				INFOPLIST_KEY_UIApplicationSupportsIndirectInputEvents = YES;
				INFOPLIST_KEY_UILaunchStoryboardName = LaunchScreen;
				INFOPLIST_KEY_UIMainStoryboardFile = Main;
				INFOPLIST_KEY_UISupportedInterfaceOrientations_iPad = "UIInterfaceOrientationPortrait UIInterfaceOrientationPortraitUpsideDown UIInterfaceOrientationLandscapeLeft UIInterfaceOrientationLandscapeRight";
				INFOPLIST_KEY_UISupportedInterfaceOrientations_iPhone = "UIInterfaceOrientationPortrait UIInterfaceOrientationLandscapeLeft UIInterfaceOrientationLandscapeRight";
				LD_RUNPATH_SEARCH_PATHS = (
					"$(inherited)",
					"@executable_path/Frameworks",
				);
				MARKETING_VERSION = 1.0;
				PRODUCT_BUNDLE_IDENTIFIER = "com.daisukemajima.Face-Segmentation-CoreML";
				PRODUCT_NAME = "$(TARGET_NAME)";
				SWIFT_EMIT_LOC_STRINGS = YES;
				SWIFT_VERSION = 5.0;
				TARGETED_DEVICE_FAMILY = "1,2";
			};
			name = Release;
		};
		733DC9BF2780CC160049B4C4 /* Debug */ = {
			isa = XCBuildConfiguration;
			buildSettings = {
				ALWAYS_EMBED_SWIFT_STANDARD_LIBRARIES = YES;
				BUNDLE_LOADER = "$(TEST_HOST)";
				CODE_SIGN_STYLE = Automatic;
				CURRENT_PROJECT_VERSION = 1;
				DEVELOPMENT_TEAM = MFN25KNUGJ;
				GENERATE_INFOPLIST_FILE = YES;
				IPHONEOS_DEPLOYMENT_TARGET = 15.2;
				MARKETING_VERSION = 1.0;
				PRODUCT_BUNDLE_IDENTIFIER = "com.daisukemajima.Face-Segmentation-CoreMLTests";
				PRODUCT_NAME = "$(TARGET_NAME)";
				SWIFT_EMIT_LOC_STRINGS = NO;
				SWIFT_VERSION = 5.0;
				TARGETED_DEVICE_FAMILY = "1,2";
				TEST_HOST = "$(BUILT_PRODUCTS_DIR)/Face-Segmentation-CoreML.app/Face-Segmentation-CoreML";
			};
			name = Debug;
		};
		733DC9C02780CC160049B4C4 /* Release */ = {
			isa = XCBuildConfiguration;
			buildSettings = {
				ALWAYS_EMBED_SWIFT_STANDARD_LIBRARIES = YES;
				BUNDLE_LOADER = "$(TEST_HOST)";
				CODE_SIGN_STYLE = Automatic;
				CURRENT_PROJECT_VERSION = 1;
				DEVELOPMENT_TEAM = MFN25KNUGJ;
				GENERATE_INFOPLIST_FILE = YES;
				IPHONEOS_DEPLOYMENT_TARGET = 15.2;
				MARKETING_VERSION = 1.0;
				PRODUCT_BUNDLE_IDENTIFIER = "com.daisukemajima.Face-Segmentation-CoreMLTests";
				PRODUCT_NAME = "$(TARGET_NAME)";
				SWIFT_EMIT_LOC_STRINGS = NO;
				SWIFT_VERSION = 5.0;
				TARGETED_DEVICE_FAMILY = "1,2";
				TEST_HOST = "$(BUILT_PRODUCTS_DIR)/Face-Segmentation-CoreML.app/Face-Segmentation-CoreML";
			};
			name = Release;
		};
		733DC9C22780CC160049B4C4 /* Debug */ = {
			isa = XCBuildConfiguration;
			buildSettings = {
				ALWAYS_EMBED_SWIFT_STANDARD_LIBRARIES = YES;
				CODE_SIGN_STYLE = Automatic;
				CURRENT_PROJECT_VERSION = 1;
				DEVELOPMENT_TEAM = MFN25KNUGJ;
				GENERATE_INFOPLIST_FILE = YES;
				MARKETING_VERSION = 1.0;
				PRODUCT_BUNDLE_IDENTIFIER = "com.daisukemajima.Face-Segmentation-CoreMLUITests";
				PRODUCT_NAME = "$(TARGET_NAME)";
				SWIFT_EMIT_LOC_STRINGS = NO;
				SWIFT_VERSION = 5.0;
				TARGETED_DEVICE_FAMILY = "1,2";
				TEST_TARGET_NAME = "Face-Segmentation-CoreML";
			};
			name = Debug;
		};
		733DC9C32780CC160049B4C4 /* Release */ = {
			isa = XCBuildConfiguration;
			buildSettings = {
				ALWAYS_EMBED_SWIFT_STANDARD_LIBRARIES = YES;
				CODE_SIGN_STYLE = Automatic;
				CURRENT_PROJECT_VERSION = 1;
				DEVELOPMENT_TEAM = MFN25KNUGJ;
				GENERATE_INFOPLIST_FILE = YES;
				MARKETING_VERSION = 1.0;
				PRODUCT_BUNDLE_IDENTIFIER = "com.daisukemajima.Face-Segmentation-CoreMLUITests";
				PRODUCT_NAME = "$(TARGET_NAME)";
				SWIFT_EMIT_LOC_STRINGS = NO;
				SWIFT_VERSION = 5.0;
				TARGETED_DEVICE_FAMILY = "1,2";
				TEST_TARGET_NAME = "Face-Segmentation-CoreML";
			};
			name = Release;
		};
/* End XCBuildConfiguration section */

/* Begin XCConfigurationList section */
		733DC98C2780CC0A0049B4C4 /* Build configuration list for PBXProject "Face-Segmentation-CoreML" */ = {
			isa = XCConfigurationList;
			buildConfigurations = (
				733DC9B92780CC160049B4C4 /* Debug */,
				733DC9BA2780CC160049B4C4 /* Release */,
			);
			defaultConfigurationIsVisible = 0;
			defaultConfigurationName = Release;
		};
		733DC9BB2780CC160049B4C4 /* Build configuration list for PBXNativeTarget "Face-Segmentation-CoreML" */ = {
			isa = XCConfigurationList;
			buildConfigurations = (
				733DC9BC2780CC160049B4C4 /* Debug */,
				733DC9BD2780CC160049B4C4 /* Release */,
			);
			defaultConfigurationIsVisible = 0;
			defaultConfigurationName = Release;
		};
		733DC9BE2780CC160049B4C4 /* Build configuration list for PBXNativeTarget "Face-Segmentation-CoreMLTests" */ = {
			isa = XCConfigurationList;
			buildConfigurations = (
				733DC9BF2780CC160049B4C4 /* Debug */,
				733DC9C02780CC160049B4C4 /* Release */,
			);
			defaultConfigurationIsVisible = 0;
			defaultConfigurationName = Release;
		};
		733DC9C12780CC160049B4C4 /* Build configuration list for PBXNativeTarget "Face-Segmentation-CoreMLUITests" */ = {
			isa = XCConfigurationList;
			buildConfigurations = (
				733DC9C22780CC160049B4C4 /* Debug */,
				733DC9C32780CC160049B4C4 /* Release */,
			);
			defaultConfigurationIsVisible = 0;
			defaultConfigurationName = Release;
		};
/* End XCConfigurationList section */
	};
	rootObject = 733DC9892780CC0A0049B4C4 /* Project object */;
}
